
Microsoft Visual Studio Solution File, Format Version 12.00
# Visual Studio Version 17
VisualStudioVersion = 17.1.32328.378
MinimumVisualStudioVersion = 10.0.40219.1
Project("{FAE04EC0-301F-11D3-BF4B-00C04F79EFBC}") = "VendingMachine", "VendingMachine\VendingMachine.csproj", "{B5F3B775-86A1-4562-AB71-F06CC4FE997F}"
EndProject
Project("{FAE04EC0-301F-11D3-BF4B-00C04F79EFBC}") = "VendingMachine.Test", "VendingMachine.Test\VendingMachine.Test.csproj", "{B0D404CE-A865-48B9-B12E-D0CCC212C859}"
EndProject
Global
	GlobalSection(SolutionConfigurationPlatforms) = preSolution
		Debug|Any CPU = Debug|Any CPU
		Release|Any CPU = Release|Any CPU
	EndGlobalSection
	GlobalSection(ProjectConfigurationPlatforms) = postSolution
		{B5F3B775-86A1-4562-AB71-F06CC4FE997F}.Debug|Any CPU.ActiveCfg = Debug|Any CPU
		{B5F3B775-86A1-4562-AB71-F06CC4FE997F}.Debug|Any CPU.Build.0 = Debug|Any CPU
		{B5F3B775-86A1-4562-AB71-F06CC4FE997F}.Release|Any CPU.ActiveCfg = Release|Any CPU
		{B5F3B775-86A1-4562-AB71-F06CC4FE997F}.Release|Any CPU.Build.0 = Release|Any CPU
		{B0D404CE-A865-48B9-B12E-D0CCC212C859}.Debug|Any CPU.ActiveCfg = Debug|Any CPU
		{B0D404CE-A865-48B9-B12E-D0CCC212C859}.Debug|Any CPU.Build.0 = Debug|Any CPU
		{B0D404CE-A865-48B9-B12E-D0CCC212C859}.Release|Any CPU.ActiveCfg = Release|Any CPU
		{B0D404CE-A865-48B9-B12E-D0CCC212C859}.Release|Any CPU.Build.0 = Release|Any CPU
	EndGlobalSection
	GlobalSection(SolutionProperties) = preSolution
		HideSolutionNode = FALSE
	EndGlobalSection
	GlobalSection(ExtensibilityGlobals) = postSolution
		SolutionGuid = {3604F16E-C577-4BBA-9DAE-41E6780585FE}
	EndGlobalSection
EndGlobal
